# THIS IS AN AUTOGENERATED FILE. DO NOT EDIT THIS FILE DIRECTLY.
# yarn lockfile v1


"@angular/core@^4.2.2":
  version "4.2.2"
  resolved "https://registry.yarnpkg.com/@angular/core/-/core-4.2.2.tgz#af5587dda275935868709d8c186e2dc2a1d70a00"
  dependencies:
    tslib "^1.7.1"

"@angular/router@^4.2.2":
  version "4.2.2"
  resolved "https://registry.yarnpkg.com/@angular/router/-/router-4.2.2.tgz#2f2d202c92dbe3828d5a3d2fd2c3737c0cb6a587"
  dependencies:
    tslib "^1.7.1"

"@types/core-js@^0.9.41":
  version "0.9.41"
  resolved "https://registry.yarnpkg.com/@types/core-js/-/core-js-0.9.41.tgz#cfeceb63c2beaa29f882252c7c18e0e9471ff4e2"

"@types/node@^7.0.31":
  version "7.0.31"
  resolved "https://registry.yarnpkg.com/@types/node/-/node-7.0.31.tgz#80ea4d175599b2a00149c29a10a4eb2dff592e86"

tslib@^1.7.1:
  version "1.7.1"
  resolved "https://registry.yarnpkg.com/tslib/-/tslib-1.7.1.tgz#bc8004164691923a79fe8378bbeb3da2017538ec"

typescript@^2.3.4:
  version "2.3.4"
  resolved "https://registry.yarnpkg.com/typescript/-/typescript-2.3.4.tgz#3d38321828231e434f287514959c37a82b629f42"
